
Microsoft Visual Studio Solution File, Format Version 12.00
# Visual Studio 2013
VisualStudioVersion = 12.0.30723.0
MinimumVisualStudioVersion = 10.0.40219.1
Project("{2150E333-8FDC-42A3-9474-1A3956D46DE8}") = "Solution Items", "Solution Items", "{E925FABD-E1FD-443C-9846-29CD624BB644}"
	ProjectSection(SolutionItems) = preProject
		App.ico = App.ico
	EndProjectSection
EndProject
Project("{FAE04EC0-301F-11D3-BF4B-00C04F79EFBC}") = "FastMove", "FastMove\FastMove.csproj", "{59241348-5765-47C1-80B6-0CB0AB1F22A4}"
EndProject
Global
	GlobalSection(SolutionConfigurationPlatforms) = preSolution
		Debug|Any CPU = Debug|Any CPU
		Release|Any CPU = Release|Any CPU
	EndGlobalSection
	GlobalSection(ProjectConfigurationPlatforms) = postSolution
		{59241348-5765-47C1-80B6-0CB0AB1F22A4}.Debug|Any CPU.ActiveCfg = Debug|Any CPU
		{59241348-5765-47C1-80B6-0CB0AB1F22A4}.Debug|Any CPU.Build.0 = Debug|Any CPU
		{59241348-5765-47C1-80B6-0CB0AB1F22A4}.Release|Any CPU.ActiveCfg = Release|Any CPU
		{59241348-5765-47C1-80B6-0CB0AB1F22A4}.Release|Any CPU.Build.0 = Release|Any CPU
	EndGlobalSection
	GlobalSection(SolutionProperties) = preSolution
		HideSolutionNode = FALSE
	EndGlobalSection
EndGlobal
